
Microsoft Visual Studio Solution File, Format Version 12.00
# Visual Studio Version 17
VisualStudioVersion = 17.2.32526.322
MinimumVisualStudioVersion = 10.0.40219.1
Project("{FAE04EC0-301F-11D3-BF4B-00C04F79EFBC}") = "ejercicio 1 clase 9", "ejercicio 1 clase 9.csproj", "{544B361C-8140-4DFB-8621-5795A232CBF4}"
EndProject
Global
	GlobalSection(SolutionConfigurationPlatforms) = preSolution
		Debug|Any CPU = Debug|Any CPU
		Release|Any CPU = Release|Any CPU
	EndGlobalSection
	GlobalSection(ProjectConfigurationPlatforms) = postSolution
		{544B361C-8140-4DFB-8621-5795A232CBF4}.Debug|Any CPU.ActiveCfg = Debug|Any CPU
		{544B361C-8140-4DFB-8621-5795A232CBF4}.Debug|Any CPU.Build.0 = Debug|Any CPU
		{544B361C-8140-4DFB-8621-5795A232CBF4}.Release|Any CPU.ActiveCfg = Release|Any CPU
		{544B361C-8140-4DFB-8621-5795A232CBF4}.Release|Any CPU.Build.0 = Release|Any CPU
	EndGlobalSection
	GlobalSection(SolutionProperties) = preSolution
		HideSolutionNode = FALSE
	EndGlobalSection
	GlobalSection(ExtensibilityGlobals) = postSolution
		SolutionGuid = {57A873D2-2FE3-4B9B-80AB-9630A6F53DFE}
	EndGlobalSection
EndGlobal
